lockfileVersion: 5.3

specifiers:
  ssh2: ^1.2.0

dependencies:
  ssh2: 1.2.0

packages:

  /asn1/0.2.4:
    resolution: {integrity: sha512-jxwzQpLQjSmWXgwaCZE9Nz+glAG01yF1QnWgbhGwHI5A6FRIEY6IVqtHhIepHqI7/kyEyQEagBC5mBEFlIYvdg==}
    dependencies:
      safer-buffer: 2.1.2
    dev: false

  /bcrypt-pbkdf/1.0.2:
    resolution: {integrity: sha1-pDAdOJtqQ/m2f/PKEaP2Y342Dp4=}
    dependencies:
      tweetnacl: 0.14.5
    dev: false

  /cpu-features/0.0.2:
    resolution: {integrity: sha512-/2yieBqvMcRj8McNzkycjW2v3OIUOibBfd2dLEJ0nWts8NobAxwiyw9phVNS6oDL8x8tz9F7uNVFEVpJncQpeA==}
    engines: {node: '>=8.0.0'}
    requiresBuild: true
    dependencies:
      nan: 2.15.0
    dev: false
    optional: true

  /nan/2.15.0:
    resolution: {integrity: sha512-8ZtvEnA2c5aYCZYd1cvgdnU6cqwixRoYg70xPLWUws5ORTa/lnw+u4amixRS/Ac5U5mQVgp9pnlSUnbNWFaWZQ==}
    dev: false
    optional: true

  /safer-buffer/2.1.2:
    resolution: {integrity: sha512-YZo3K82SD7Riyi0E1EQPojLz7kpepnSQI9IyPbHHg1XXXevb5dJI7tpyN2ADxGcQbHG7vcyRHk0cbwqcQriUtg==}
    dev: false

  /ssh2/1.2.0:
    resolution: {integrity: sha512-vklfVRyylayGV/zMwVEkTC9kBhA3t264hoUHV/yGuunBJh6uBGP1VlzhOp8EsqxpKnG0xkLE1qHZlU0+t8Vh6Q==}
    engines: {node: '>=10.16.0'}
    requiresBuild: true
    dependencies:
      asn1: 0.2.4
      bcrypt-pbkdf: 1.0.2
    optionalDependencies:
      cpu-features: 0.0.2
      nan: 2.15.0
    dev: false

  /tweetnacl/0.14.5:
    resolution: {integrity: sha1-WuaBd/GS1EViadEIr6k/+HQ/T2Q=}
    dev: false
